# This file is automatically @generated by Cargo.
# It is not intended for manual editing.
version = 4

[[package]]
name = "akurai-admin"
version = "0.0.5"
dependencies = [
 "akurai-common",
]

[[package]]
name = "akurai-common"
version = "0.0.5"

[[package]]
name = "akurai-control"
version = "0.0.5"
dependencies = [
 "akurai-common",
]

[[package]]
name = "akurai-crypto"
version = "0.0.5"

[[package]]
name = "akurai-dns"
version = "0.0.5"
dependencies = [
 "akurai-common",
]

[[package]]
name = "akurai-node"
version = "0.0.5"
dependencies = [
 "akurai-common",
]

[[package]]
name = "akurai-relay"
version = "0.0.5"
